
Microsoft Visual Studio Solution File, Format Version 12.00
# Visual Studio Version 17
VisualStudioVersion = 17.8.34316.72
MinimumVisualStudioVersion = 10.0.40219.1
Project("{FAE04EC0-301F-11D3-BF4B-00C04F79EFBC}") = "LlevandoMisCuentas", "LlevandoMisCuentas.csproj", "{5251285E-1597-4157-98B1-EF5BE9EFEC7E}"
EndProject
Project("{FAE04EC0-301F-11D3-BF4B-00C04F79EFBC}") = "Repository", "..\Repository\Repository.csproj", "{A4D7A6FB-29C3-42CB-88D4-BA6CD5452F3B}"
EndProject
Project("{FAE04EC0-301F-11D3-BF4B-00C04F79EFBC}") = "Business", "..\Business\Business.csproj", "{DAC97F4A-FBFE-426A-8F31-3A785F66468B}"
EndProject
Project("{FAE04EC0-301F-11D3-BF4B-00C04F79EFBC}") = "Data", "..\Data\Data.csproj", "{45098B28-9EF2-4E90-BA23-F90FE7B19FBB}"
EndProject
Global
	GlobalSection(SolutionConfigurationPlatforms) = preSolution
		Debug|Any CPU = Debug|Any CPU
		Release|Any CPU = Release|Any CPU
	EndGlobalSection
	GlobalSection(ProjectConfigurationPlatforms) = postSolution
		{5251285E-1597-4157-98B1-EF5BE9EFEC7E}.Debug|Any CPU.ActiveCfg = Debug|Any CPU
		{5251285E-1597-4157-98B1-EF5BE9EFEC7E}.Debug|Any CPU.Build.0 = Debug|Any CPU
		{5251285E-1597-4157-98B1-EF5BE9EFEC7E}.Release|Any CPU.ActiveCfg = Release|Any CPU
		{5251285E-1597-4157-98B1-EF5BE9EFEC7E}.Release|Any CPU.Build.0 = Release|Any CPU
		{A4D7A6FB-29C3-42CB-88D4-BA6CD5452F3B}.Debug|Any CPU.ActiveCfg = Debug|Any CPU
		{A4D7A6FB-29C3-42CB-88D4-BA6CD5452F3B}.Debug|Any CPU.Build.0 = Debug|Any CPU
		{A4D7A6FB-29C3-42CB-88D4-BA6CD5452F3B}.Release|Any CPU.ActiveCfg = Release|Any CPU
		{A4D7A6FB-29C3-42CB-88D4-BA6CD5452F3B}.Release|Any CPU.Build.0 = Release|Any CPU
		{DAC97F4A-FBFE-426A-8F31-3A785F66468B}.Debug|Any CPU.ActiveCfg = Debug|Any CPU
		{DAC97F4A-FBFE-426A-8F31-3A785F66468B}.Debug|Any CPU.Build.0 = Debug|Any CPU
		{DAC97F4A-FBFE-426A-8F31-3A785F66468B}.Release|Any CPU.ActiveCfg = Release|Any CPU
		{DAC97F4A-FBFE-426A-8F31-3A785F66468B}.Release|Any CPU.Build.0 = Release|Any CPU
		{45098B28-9EF2-4E90-BA23-F90FE7B19FBB}.Debug|Any CPU.ActiveCfg = Debug|Any CPU
		{45098B28-9EF2-4E90-BA23-F90FE7B19FBB}.Debug|Any CPU.Build.0 = Debug|Any CPU
		{45098B28-9EF2-4E90-BA23-F90FE7B19FBB}.Release|Any CPU.ActiveCfg = Release|Any CPU
		{45098B28-9EF2-4E90-BA23-F90FE7B19FBB}.Release|Any CPU.Build.0 = Release|Any CPU
	EndGlobalSection
	GlobalSection(SolutionProperties) = preSolution
		HideSolutionNode = FALSE
	EndGlobalSection
	GlobalSection(ExtensibilityGlobals) = postSolution
		SolutionGuid = {0F46A051-40C2-469B-8971-6A462407D165}
	EndGlobalSection
EndGlobal
